schema: '2.0'
stages:
  prune:
    cmd: python prune.py
  process@dataset1:
    cmd: python process.py dataset1
    deps:
    - path: process.py
      hash: md5
      md5: 1173d8ed80fd146db6f47bd2e46a9639
      size: 142
    outs:
    - path: out/dataset1
      hash: md5
      md5: 9de96ebd8d30dd931f9b90d2615c4b9d
      size: 8
  process@dataset2:
    cmd: python process.py dataset2
    deps:
    - path: process.py
      hash: md5
      md5: 1173d8ed80fd146db6f47bd2e46a9639
      size: 142
    outs:
    - path: out/dataset2
      hash: md5
      md5: 2311d454ad6f5792ce4305d182d2caf0
      size: 8
  process@dataset3:
    cmd: python process.py dataset3
    deps:
    - path: process.py
      hash: md5
      md5: 1173d8ed80fd146db6f47bd2e46a9639
      size: 142
    outs:
    - path: out/dataset3
      hash: md5
      md5: 9b93ff1599ad9f606bb13953ceafaa12
      size: 8
  downstream:
    cmd: python train.py
    deps:
    - path: out
      hash: md5
      md5: b0ca4aeffeb7728844e0bcd2dcf9b19c.dir
      size: 24
      nfiles: 3
